
Microsoft Visual Studio Solution File, Format Version 12.00
# Visual Studio Version 16
VisualStudioVersion = 25.0.1706.10
MinimumVisualStudioVersion = 10.0.40219.1
Project("{FAE04EC0-301F-11D3-BF4B-00C04F79EFBC}") = "ContactListApp.client", "ContactListApp.client.csproj", "{297FBF10-DA89-4FB5-A91E-197D1D0ADE4D}"
EndProject
Project("{FAE04EC0-301F-11D3-BF4B-00C04F79EFBC}") = "ContactListApp.Shared", "..\ContactListApp.Shared\ContactListApp.Shared.csproj", "{6BD58480-6D21-46F7-956D-FC42D30249BF}"
EndProject
Project("{FAE04EC0-301F-11D3-BF4B-00C04F79EFBC}") = "ContactListApp.DAL", "..\ContactListApp.DAL\ContactListApp.DAL.csproj", "{6555C7A7-C50E-40A8-9AFE-36C9A727AC94}"
EndProject
Project("{FAE04EC0-301F-11D3-BF4B-00C04F79EFBC}") = "ContactListApp.API", "..\ContactListApp.API\ContactListApp.API.csproj", "{CA18FB21-3AA1-4DF4-AF00-276E87C0EB7A}"
EndProject
Project("{FAE04EC0-301F-11D3-BF4B-00C04F79EFBC}") = "ContactListApp.BAL", "..\ContactListApp.BAL\ContactListApp.BAL.csproj", "{55FBD273-F05F-4C02-B82E-B8724188A715}"
EndProject
Global
	GlobalSection(SolutionConfigurationPlatforms) = preSolution
		Debug|Any CPU = Debug|Any CPU
		Release|Any CPU = Release|Any CPU
	EndGlobalSection
	GlobalSection(ProjectConfigurationPlatforms) = postSolution
		{297FBF10-DA89-4FB5-A91E-197D1D0ADE4D}.Debug|Any CPU.ActiveCfg = Debug|Any CPU
		{297FBF10-DA89-4FB5-A91E-197D1D0ADE4D}.Debug|Any CPU.Build.0 = Debug|Any CPU
		{297FBF10-DA89-4FB5-A91E-197D1D0ADE4D}.Release|Any CPU.ActiveCfg = Release|Any CPU
		{297FBF10-DA89-4FB5-A91E-197D1D0ADE4D}.Release|Any CPU.Build.0 = Release|Any CPU
		{6BD58480-6D21-46F7-956D-FC42D30249BF}.Debug|Any CPU.ActiveCfg = Debug|Any CPU
		{6BD58480-6D21-46F7-956D-FC42D30249BF}.Debug|Any CPU.Build.0 = Debug|Any CPU
		{6BD58480-6D21-46F7-956D-FC42D30249BF}.Release|Any CPU.ActiveCfg = Release|Any CPU
		{6BD58480-6D21-46F7-956D-FC42D30249BF}.Release|Any CPU.Build.0 = Release|Any CPU
		{6555C7A7-C50E-40A8-9AFE-36C9A727AC94}.Debug|Any CPU.ActiveCfg = Debug|Any CPU
		{6555C7A7-C50E-40A8-9AFE-36C9A727AC94}.Debug|Any CPU.Build.0 = Debug|Any CPU
		{6555C7A7-C50E-40A8-9AFE-36C9A727AC94}.Release|Any CPU.ActiveCfg = Release|Any CPU
		{6555C7A7-C50E-40A8-9AFE-36C9A727AC94}.Release|Any CPU.Build.0 = Release|Any CPU
		{CA18FB21-3AA1-4DF4-AF00-276E87C0EB7A}.Debug|Any CPU.ActiveCfg = Debug|Any CPU
		{CA18FB21-3AA1-4DF4-AF00-276E87C0EB7A}.Debug|Any CPU.Build.0 = Debug|Any CPU
		{CA18FB21-3AA1-4DF4-AF00-276E87C0EB7A}.Release|Any CPU.ActiveCfg = Release|Any CPU
		{CA18FB21-3AA1-4DF4-AF00-276E87C0EB7A}.Release|Any CPU.Build.0 = Release|Any CPU
		{55FBD273-F05F-4C02-B82E-B8724188A715}.Debug|Any CPU.ActiveCfg = Debug|Any CPU
		{55FBD273-F05F-4C02-B82E-B8724188A715}.Debug|Any CPU.Build.0 = Debug|Any CPU
		{55FBD273-F05F-4C02-B82E-B8724188A715}.Release|Any CPU.ActiveCfg = Release|Any CPU
		{55FBD273-F05F-4C02-B82E-B8724188A715}.Release|Any CPU.Build.0 = Release|Any CPU
	EndGlobalSection
	GlobalSection(SolutionProperties) = preSolution
		HideSolutionNode = FALSE
	EndGlobalSection
	GlobalSection(ExtensibilityGlobals) = postSolution
		SolutionGuid = {9E39856C-38E9-471B-9B02-590A0B67FA05}
	EndGlobalSection
EndGlobal
